
Microsoft Visual Studio Solution File, Format Version 12.00
# Visual Studio Version 16
VisualStudioVersion = 16.0.29911.84
MinimumVisualStudioVersion = 10.0.40219.1
Project("{FAE04EC0-301F-11D3-BF4B-00C04F79EFBC}") = "Serverside", "Serverside\Serverside.csproj", "{1C1C3DE2-BFEF-4115-A76E-8A0D182E8E4E}"
EndProject
Global
	GlobalSection(SolutionConfigurationPlatforms) = preSolution
		Debug|Any CPU = Debug|Any CPU
		Release|Any CPU = Release|Any CPU
	EndGlobalSection
	GlobalSection(ProjectConfigurationPlatforms) = postSolution
		{1C1C3DE2-BFEF-4115-A76E-8A0D182E8E4E}.Debug|Any CPU.ActiveCfg = Debug|Any CPU
		{1C1C3DE2-BFEF-4115-A76E-8A0D182E8E4E}.Debug|Any CPU.Build.0 = Debug|Any CPU
		{1C1C3DE2-BFEF-4115-A76E-8A0D182E8E4E}.Release|Any CPU.ActiveCfg = Release|Any CPU
		{1C1C3DE2-BFEF-4115-A76E-8A0D182E8E4E}.Release|Any CPU.Build.0 = Release|Any CPU
	EndGlobalSection
	GlobalSection(SolutionProperties) = preSolution
		HideSolutionNode = FALSE
	EndGlobalSection
	GlobalSection(ExtensibilityGlobals) = postSolution
		SolutionGuid = {54AC5432-C120-401B-BC50-E076C2F265F9}
	EndGlobalSection
EndGlobal
